
Microsoft Visual Studio Solution File, Format Version 12.00
# Visual Studio 15
VisualStudioVersion = 15.0.28307.1267
MinimumVisualStudioVersion = 10.0.40219.1
Project("{FAE04EC0-301F-11D3-BF4B-00C04F79EFBC}") = "02.08.21", "02.08.21\02.08.21.csproj", "{1A3E72B5-F11B-476B-AA81-6D7F1FAA8267}"
EndProject
Global
	GlobalSection(SolutionConfigurationPlatforms) = preSolution
		Debug|Any CPU = Debug|Any CPU
		Release|Any CPU = Release|Any CPU
	EndGlobalSection
	GlobalSection(ProjectConfigurationPlatforms) = postSolution
		{1A3E72B5-F11B-476B-AA81-6D7F1FAA8267}.Debug|Any CPU.ActiveCfg = Debug|Any CPU
		{1A3E72B5-F11B-476B-AA81-6D7F1FAA8267}.Debug|Any CPU.Build.0 = Debug|Any CPU
		{1A3E72B5-F11B-476B-AA81-6D7F1FAA8267}.Release|Any CPU.ActiveCfg = Release|Any CPU
		{1A3E72B5-F11B-476B-AA81-6D7F1FAA8267}.Release|Any CPU.Build.0 = Release|Any CPU
	EndGlobalSection
	GlobalSection(SolutionProperties) = preSolution
		HideSolutionNode = FALSE
	EndGlobalSection
	GlobalSection(ExtensibilityGlobals) = postSolution
		SolutionGuid = {48B0E565-692F-4B70-BFE6-29E7086E40D4}
	EndGlobalSection
EndGlobal
